{
  "nodes": {
    "nixpkgs": {
      "locked": {
        "lastModified": 1766622938,
        "narHash": "sha256-Eovt/DOCYjFFBZuYbbG9j5jhklzxdNbUGVYYxh3lG3s=",
        "rev": "5900a0a8850cbba98e16d5a7a6ed389402dfcf4f",
        "revCount": 904345,
        "type": "tarball",
        "url": "https://api.flakehub.com/f/pinned/NixOS/nixpkgs/0.2511.904345%2Brev-5900a0a8850cbba98e16d5a7a6ed389402dfcf4f/019b592c-e2f3-7247-8920-fb4fb489e245/source.tar.gz"
      },
      "original": {
        "type": "tarball",
        "url": "https://flakehub.com/f/NixOS/nixpkgs/0"
      }
    },
    "root": {
      "inputs": {
        "nixpkgs": "nixpkgs"
      }
    }
  },
  "root": "root",
  "version": 7
}
